
Microsoft Visual Studio Solution File, Format Version 12.00
# Visual Studio 15
VisualStudioVersion = 15.0.28010.2046
MinimumVisualStudioVersion = 10.0.40219.1
Project("{FAE04EC0-301F-11D3-BF4B-00C04F79EFBC}") = "LoginAssessment", "LoginAssessment\LoginAssessment.csproj", "{C13A7583-47D7-4F94-BA10-BBBF7E995B53}"
EndProject
Global
	GlobalSection(SolutionConfigurationPlatforms) = preSolution
		Debug|Any CPU = Debug|Any CPU
		Release|Any CPU = Release|Any CPU
	EndGlobalSection
	GlobalSection(ProjectConfigurationPlatforms) = postSolution
		{C13A7583-47D7-4F94-BA10-BBBF7E995B53}.Debug|Any CPU.ActiveCfg = Debug|Any CPU
		{C13A7583-47D7-4F94-BA10-BBBF7E995B53}.Debug|Any CPU.Build.0 = Debug|Any CPU
		{C13A7583-47D7-4F94-BA10-BBBF7E995B53}.Release|Any CPU.ActiveCfg = Release|Any CPU
		{C13A7583-47D7-4F94-BA10-BBBF7E995B53}.Release|Any CPU.Build.0 = Release|Any CPU
	EndGlobalSection
	GlobalSection(SolutionProperties) = preSolution
		HideSolutionNode = FALSE
	EndGlobalSection
	GlobalSection(ExtensibilityGlobals) = postSolution
		SolutionGuid = {A51D5653-29F1-4E75-ACAD-A1F7B48F9812}
	EndGlobalSection
EndGlobal
